
Microsoft Visual Studio Solution File, Format Version 12.00
# Visual Studio Version 17
VisualStudioVersion = 17.2.32519.379
MinimumVisualStudioVersion = 10.0.40219.1
Project("{FAE04EC0-301F-11D3-BF4B-00C04F79EFBC}") = "EazyWeb", "EazyWeb\EazyWeb.csproj", "{E81DBA31-8D8A-4E05-BBBB-8117CCEE1F0E}"
EndProject
Global
	GlobalSection(SolutionConfigurationPlatforms) = preSolution
		Debug|Any CPU = Debug|Any CPU
		Release|Any CPU = Release|Any CPU
	EndGlobalSection
	GlobalSection(ProjectConfigurationPlatforms) = postSolution
		{E81DBA31-8D8A-4E05-BBBB-8117CCEE1F0E}.Debug|Any CPU.ActiveCfg = Debug|Any CPU
		{E81DBA31-8D8A-4E05-BBBB-8117CCEE1F0E}.Debug|Any CPU.Build.0 = Debug|Any CPU
		{E81DBA31-8D8A-4E05-BBBB-8117CCEE1F0E}.Release|Any CPU.ActiveCfg = Release|Any CPU
		{E81DBA31-8D8A-4E05-BBBB-8117CCEE1F0E}.Release|Any CPU.Build.0 = Release|Any CPU
	EndGlobalSection
	GlobalSection(SolutionProperties) = preSolution
		HideSolutionNode = FALSE
	EndGlobalSection
	GlobalSection(ExtensibilityGlobals) = postSolution
		SolutionGuid = {01A0920A-F49D-4D75-93E2-5AA7B2F331DB}
	EndGlobalSection
EndGlobal
